// !$*UTF8*$!
{
	archiveVersion = 1;
	classes = {
	};
	objectVersion = 46;
	objects = {

/* Begin PBXBuildFile section */
		650117671CC90DCE008516E7 /* CalibrationViewController.swift in Sources */ = {isa = PBXBuildFile; fileRef = 650117661CC90DCE008516E7 /* CalibrationViewController.swift */; };
		6501179B1CC92546008516E7 /* progress@2x.png in Resources */ = {isa = PBXBuildFile; fileRef = 6501179A1CC92546008516E7 /* progress@2x.png */; };
		650282E01CBF53FD00B36DC8 /* MakeLineViewController.swift in Sources */ = {isa = PBXBuildFile; fileRef = 650282DF1CBF53FD00B36DC8 /* MakeLineViewController.swift */; };
		650282E21CBFDFF700B36DC8 /* DrawLineViewController.swift in Sources */ = {isa = PBXBuildFile; fileRef = 650282E11CBFDFF700B36DC8 /* DrawLineViewController.swift */; };
		654A66BC1CBDBB740057ED68 /* AppDelegate.swift in Sources */ = {isa = PBXBuildFile; fileRef = 654A66BB1CBDBB740057ED68 /* AppDelegate.swift */; };
		654A66C31CBDBB740057ED68 /* Assets.xcassets in Resources */ = {isa = PBXBuildFile; fileRef = 654A66C21CBDBB740057ED68 /* Assets.xcassets */; };
		654A66C61CBDBB740057ED68 /* LaunchScreen.storyboard in Resources */ = {isa = PBXBuildFile; fileRef = 654A66C41CBDBB740057ED68 /* LaunchScreen.storyboard */; };
		654A66D81CBDBC370057ED68 /* MainViewController.swift in Sources */ = {isa = PBXBuildFile; fileRef = 654A66D51CBDBC370057ED68 /* MainViewController.swift */; };
		654A66D91CBDBC9E0057ED68 /* Realm.framework in Frameworks */ = {isa = PBXBuildFile; fileRef = 654A66CF1CBDBBCE0057ED68 /* Realm.framework */; };
		654A66DA1CBDBC9E0057ED68 /* Realm.framework in Embed Frameworks */ = {isa = PBXBuildFile; fileRef = 654A66CF1CBDBBCE0057ED68 /* Realm.framework */; settings = {ATTRIBUTES = (CodeSignOnCopy, RemoveHeadersOnCopy, ); }; };
		654A66DB1CBDBC9E0057ED68 /* RealmSwift.framework in Frameworks */ = {isa = PBXBuildFile; fileRef = 654A66D01CBDBBCE0057ED68 /* RealmSwift.framework */; };
		654A66DC1CBDBC9E0057ED68 /* RealmSwift.framework in Embed Frameworks */ = {isa = PBXBuildFile; fileRef = 654A66D01CBDBBCE0057ED68 /* RealmSwift.framework */; settings = {ATTRIBUTES = (CodeSignOnCopy, RemoveHeadersOnCopy, ); }; };
		654A66DF1CBE8AD50057ED68 /* MainNavigationController.swift in Sources */ = {isa = PBXBuildFile; fileRef = 654A66DE1CBE8AD50057ED68 /* MainNavigationController.swift */; };
		654A66E11CBE8E260057ED68 /* LineCell.swift in Sources */ = {isa = PBXBuildFile; fileRef = 654A66E01CBE8E260057ED68 /* LineCell.swift */; };
		654A66E31CBE8EE20057ED68 /* LineModel.swift in Sources */ = {isa = PBXBuildFile; fileRef = 654A66E21CBE8EE20057ED68 /* LineModel.swift */; };
		65B801151CC36566003CD661 /* ExploreLineViewController.swift in Sources */ = {isa = PBXBuildFile; fileRef = 65B801141CC36566003CD661 /* ExploreLineViewController.swift */; };
/* End PBXBuildFile section */

/* Begin PBXCopyFilesBuildPhase section */
		654A66DD1CBDBC9E0057ED68 /* Embed Frameworks */ = {
			isa = PBXCopyFilesBuildPhase;
			buildActionMask = 2147483647;
			dstPath = "";
			dstSubfolderSpec = 10;
			files = (
				654A66DC1CBDBC9E0057ED68 /* RealmSwift.framework in Embed Frameworks */,
				654A66DA1CBDBC9E0057ED68 /* Realm.framework in Embed Frameworks */,
			);
			name = "Embed Frameworks";
			runOnlyForDeploymentPostprocessing = 0;
		};
/* End PBXCopyFilesBuildPhase section */

/* Begin PBXFileReference section */
		650117661CC90DCE008516E7 /* CalibrationViewController.swift */ = {isa = PBXFileReference; fileEncoding = 4; lastKnownFileType = sourcecode.swift; path = CalibrationViewController.swift; sourceTree = "<group>"; };
		6501179A1CC92546008516E7 /* progress@2x.png */ = {isa = PBXFileReference; lastKnownFileType = image.png; path = "progress@2x.png"; sourceTree = "<group>"; };
		650282DF1CBF53FD00B36DC8 /* MakeLineViewController.swift */ = {isa = PBXFileReference; fileEncoding = 4; lastKnownFileType = sourcecode.swift; path = MakeLineViewController.swift; sourceTree = "<group>"; };
		650282E11CBFDFF700B36DC8 /* DrawLineViewController.swift */ = {isa = PBXFileReference; fileEncoding = 4; lastKnownFileType = sourcecode.swift; path = DrawLineViewController.swift; sourceTree = "<group>"; };
		654A66B81CBDBB740057ED68 /* GraviT.app */ = {isa = PBXFileReference; explicitFileType = wrapper.application; includeInIndex = 0; path = GraviT.app; sourceTree = BUILT_PRODUCTS_DIR; };
		654A66BB1CBDBB740057ED68 /* AppDelegate.swift */ = {isa = PBXFileReference; lastKnownFileType = sourcecode.swift; path = AppDelegate.swift; sourceTree = "<group>"; };
		654A66C21CBDBB740057ED68 /* Assets.xcassets */ = {isa = PBXFileReference; lastKnownFileType = folder.assetcatalog; path = Assets.xcassets; sourceTree = "<group>"; };
		654A66C51CBDBB740057ED68 /* Base */ = {isa = PBXFileReference; lastKnownFileType = file.storyboard; name = Base; path = Base.lproj/LaunchScreen.storyboard; sourceTree = "<group>"; };
		654A66C71CBDBB740057ED68 /* Info.plist */ = {isa = PBXFileReference; lastKnownFileType = text.plist.xml; path = Info.plist; sourceTree = "<group>"; };
		654A66CF1CBDBBCE0057ED68 /* Realm.framework */ = {isa = PBXFileReference; lastKnownFileType = wrapper.framework; path = Realm.framework; sourceTree = "<group>"; };
		654A66D01CBDBBCE0057ED68 /* RealmSwift.framework */ = {isa = PBXFileReference; lastKnownFileType = wrapper.framework; path = RealmSwift.framework; sourceTree = "<group>"; };
		654A66D51CBDBC370057ED68 /* MainViewController.swift */ = {isa = PBXFileReference; fileEncoding = 4; lastKnownFileType = sourcecode.swift; path = MainViewController.swift; sourceTree = "<group>"; };
		654A66DE1CBE8AD50057ED68 /* MainNavigationController.swift */ = {isa = PBXFileReference; fileEncoding = 4; lastKnownFileType = sourcecode.swift; path = MainNavigationController.swift; sourceTree = "<group>"; };
		654A66E01CBE8E260057ED68 /* LineCell.swift */ = {isa = PBXFileReference; fileEncoding = 4; lastKnownFileType = sourcecode.swift; path = LineCell.swift; sourceTree = "<group>"; };
		654A66E21CBE8EE20057ED68 /* LineModel.swift */ = {isa = PBXFileReference; fileEncoding = 4; lastKnownFileType = sourcecode.swift; path = LineModel.swift; sourceTree = "<group>"; };
		65B801141CC36566003CD661 /* ExploreLineViewController.swift */ = {isa = PBXFileReference; fileEncoding = 4; lastKnownFileType = sourcecode.swift; path = ExploreLineViewController.swift; sourceTree = "<group>"; };
		65B801161CC37ECC003CD661 /* CoreLocation.framework */ = {isa = PBXFileReference; lastKnownFileType = wrapper.framework; name = CoreLocation.framework; path = System/Library/Frameworks/CoreLocation.framework; sourceTree = SDKROOT; };
/* End PBXFileReference section */

/* Begin PBXFrameworksBuildPhase section */
		654A66B51CBDBB740057ED68 /* Frameworks */ = {
			isa = PBXFrameworksBuildPhase;
			buildActionMask = 2147483647;
			files = (
				654A66D91CBDBC9E0057ED68 /* Realm.framework in Frameworks */,
				654A66DB1CBDBC9E0057ED68 /* RealmSwift.framework in Frameworks */,
			);
			runOnlyForDeploymentPostprocessing = 0;
		};
/* End PBXFrameworksBuildPhase section */

/* Begin PBXGroup section */
		650117981CC92546008516E7 /* Assets */ = {
			isa = PBXGroup;
			children = (
				650117991CC92546008516E7 /* Images */,
			);
			path = Assets;
			sourceTree = "<group>";
		};
		650117991CC92546008516E7 /* Images */ = {
			isa = PBXGroup;
			children = (
				6501179A1CC92546008516E7 /* progress@2x.png */,
			);
			path = Images;
			sourceTree = "<group>";
		};
		654A66AF1CBDBB740057ED68 = {
			isa = PBXGroup;
			children = (
				650117981CC92546008516E7 /* Assets */,
				654A66D31CBDBBE00057ED68 /* Classes */,
				654A66CD1CBDBBCE0057ED68 /* Libraries */,
				654A66BA1CBDBB740057ED68 /* GraviT */,
				654A66B91CBDBB740057ED68 /* Products */,
			);
			sourceTree = "<group>";
		};
		654A66B91CBDBB740057ED68 /* Products */ = {
			isa = PBXGroup;
			children = (
				654A66B81CBDBB740057ED68 /* GraviT.app */,
			);
			name = Products;
			sourceTree = "<group>";
		};
		654A66BA1CBDBB740057ED68 /* GraviT */ = {
			isa = PBXGroup;
			children = (
				654A66BB1CBDBB740057ED68 /* AppDelegate.swift */,
				654A66C21CBDBB740057ED68 /* Assets.xcassets */,
				654A66C41CBDBB740057ED68 /* LaunchScreen.storyboard */,
				654A66C71CBDBB740057ED68 /* Info.plist */,
			);
			path = GraviT;
			sourceTree = "<group>";
		};
		654A66CD1CBDBBCE0057ED68 /* Libraries */ = {
			isa = PBXGroup;
			children = (
				65B801161CC37ECC003CD661 /* CoreLocation.framework */,
				654A66CE1CBDBBCE0057ED68 /* Realm */,
			);
			path = Libraries;
			sourceTree = "<group>";
		};
		654A66CE1CBDBBCE0057ED68 /* Realm */ = {
			isa = PBXGroup;
			children = (
				654A66CF1CBDBBCE0057ED68 /* Realm.framework */,
				654A66D01CBDBBCE0057ED68 /* RealmSwift.framework */,
			);
			path = Realm;
			sourceTree = "<group>";
		};
		654A66D31CBDBBE00057ED68 /* Classes */ = {
			isa = PBXGroup;
			children = (
				654A66D41CBDBC370057ED68 /* Controllers */,
				654A66D61CBDBC370057ED68 /* Models */,
				654A66D71CBDBC370057ED68 /* Views */,
			);
			path = Classes;
			sourceTree = "<group>";
		};
		654A66D41CBDBC370057ED68 /* Controllers */ = {
			isa = PBXGroup;
			children = (
				654A66D51CBDBC370057ED68 /* MainViewController.swift */,
				654A66DE1CBE8AD50057ED68 /* MainNavigationController.swift */,
				650282DF1CBF53FD00B36DC8 /* MakeLineViewController.swift */,
				650282E11CBFDFF700B36DC8 /* DrawLineViewController.swift */,
				65B801141CC36566003CD661 /* ExploreLineViewController.swift */,
				650117661CC90DCE008516E7 /* CalibrationViewController.swift */,
			);
			path = Controllers;
			sourceTree = "<group>";
		};
		654A66D61CBDBC370057ED68 /* Models */ = {
			isa = PBXGroup;
			children = (
				654A66E21CBE8EE20057ED68 /* LineModel.swift */,
			);
			path = Models;
			sourceTree = "<group>";
		};
		654A66D71CBDBC370057ED68 /* Views */ = {
			isa = PBXGroup;
			children = (
				654A66E01CBE8E260057ED68 /* LineCell.swift */,
			);
			path = Views;
			sourceTree = "<group>";
		};
/* End PBXGroup section */

/* Begin PBXNativeTarget section */
		654A66B71CBDBB740057ED68 /* GraviT */ = {
			isa = PBXNativeTarget;
			buildConfigurationList = 654A66CA1CBDBB740057ED68 /* Build configuration list for PBXNativeTarget "GraviT" */;
			buildPhases = (
				654A66B41CBDBB740057ED68 /* Sources */,
				654A66B51CBDBB740057ED68 /* Frameworks */,
				654A66B61CBDBB740057ED68 /* Resources */,
				654A66DD1CBDBC9E0057ED68 /* Embed Frameworks */,
			);
			buildRules = (
			);
			dependencies = (
			);
			name = GraviT;
			productName = GraviT;
			productReference = 654A66B81CBDBB740057ED68 /* GraviT.app */;
			productType = "com.apple.product-type.application";
		};
/* End PBXNativeTarget section */

/* Begin PBXProject section */
		654A66B01CBDBB740057ED68 /* Project object */ = {
			isa = PBXProject;
			attributes = {
				LastSwiftUpdateCheck = 0730;
				LastUpgradeCheck = 0730;
				ORGANIZATIONNAME = slowslipper;
				TargetAttributes = {
					654A66B71CBDBB740057ED68 = {
						CreatedOnToolsVersion = 7.3;
					};
				};
			};
			buildConfigurationList = 654A66B31CBDBB740057ED68 /* Build configuration list for PBXProject "GraviT" */;
			compatibilityVersion = "Xcode 3.2";
			developmentRegion = English;
			hasScannedForEncodings = 0;
			knownRegions = (
				en,
				Base,
			);
			mainGroup = 654A66AF1CBDBB740057ED68;
			productRefGroup = 654A66B91CBDBB740057ED68 /* Products */;
			projectDirPath = "";
			projectRoot = "";
			targets = (
				654A66B71CBDBB740057ED68 /* GraviT */,
			);
		};
/* End PBXProject section */

/* Begin PBXResourcesBuildPhase section */
		654A66B61CBDBB740057ED68 /* Resources */ = {
			isa = PBXResourcesBuildPhase;
			buildActionMask = 2147483647;
			files = (
				654A66C61CBDBB740057ED68 /* LaunchScreen.storyboard in Resources */,
				6501179B1CC92546008516E7 /* progress@2x.png in Resources */,
				654A66C31CBDBB740057ED68 /* Assets.xcassets in Resources */,
			);
			runOnlyForDeploymentPostprocessing = 0;
		};
/* End PBXResourcesBuildPhase section */

/* Begin PBXSourcesBuildPhase section */
		654A66B41CBDBB740057ED68 /* Sources */ = {
			isa = PBXSourcesBuildPhase;
			buildActionMask = 2147483647;
			files = (
				65B801151CC36566003CD661 /* ExploreLineViewController.swift in Sources */,
				650117671CC90DCE008516E7 /* CalibrationViewController.swift in Sources */,
				650282E21CBFDFF700B36DC8 /* DrawLineViewController.swift in Sources */,
				654A66E11CBE8E260057ED68 /* LineCell.swift in Sources */,
				654A66DF1CBE8AD50057ED68 /* MainNavigationController.swift in Sources */,
				654A66BC1CBDBB740057ED68 /* AppDelegate.swift in Sources */,
				654A66E31CBE8EE20057ED68 /* LineModel.swift in Sources */,
				650282E01CBF53FD00B36DC8 /* MakeLineViewController.swift in Sources */,
				654A66D81CBDBC370057ED68 /* MainViewController.swift in Sources */,
			);
			runOnlyForDeploymentPostprocessing = 0;
		};
/* End PBXSourcesBuildPhase section */

/* Begin PBXVariantGroup section */
		654A66C41CBDBB740057ED68 /* LaunchScreen.storyboard */ = {
			isa = PBXVariantGroup;
			children = (
				654A66C51CBDBB740057ED68 /* Base */,
			);
			name = LaunchScreen.storyboard;
			sourceTree = "<group>";
		};
/* End PBXVariantGroup section */

/* Begin XCBuildConfiguration section */
		654A66C81CBDBB740057ED68 /* Debug */ = {
			isa = XCBuildConfiguration;
			buildSettings = {
				ALWAYS_SEARCH_USER_PATHS = NO;
				CLANG_ANALYZER_NONNULL = YES;
				CLANG_CXX_LANGUAGE_STANDARD = "gnu++0x";
				CLANG_CXX_LIBRARY = "libc++";
				CLANG_ENABLE_MODULES = YES;
				CLANG_ENABLE_OBJC_ARC = YES;
				CLANG_WARN_BOOL_CONVERSION = YES;
				CLANG_WARN_CONSTANT_CONVERSION = YES;
				CLANG_WARN_DIRECT_OBJC_ISA_USAGE = YES_ERROR;
				CLANG_WARN_EMPTY_BODY = YES;
				CLANG_WARN_ENUM_CONVERSION = YES;
				CLANG_WARN_INT_CONVERSION = YES;
				CLANG_WARN_OBJC_ROOT_CLASS = YES_ERROR;
				CLANG_WARN_UNREACHABLE_CODE = YES;
				CLANG_WARN__DUPLICATE_METHOD_MATCH = YES;
				"CODE_SIGN_IDENTITY[sdk=iphoneos*]" = "iPhone Developer";
				COPY_PHASE_STRIP = NO;
				DEBUG_INFORMATION_FORMAT = dwarf;
				ENABLE_STRICT_OBJC_MSGSEND = YES;
				ENABLE_TESTABILITY = YES;
				GCC_C_LANGUAGE_STANDARD = gnu99;
				GCC_DYNAMIC_NO_PIC = NO;
				GCC_NO_COMMON_BLOCKS = YES;
				GCC_OPTIMIZATION_LEVEL = 0;
				GCC_PREPROCESSOR_DEFINITIONS = (
					"DEBUG=1",
					"$(inherited)",
				);
				GCC_WARN_64_TO_32_BIT_CONVERSION = YES;
				GCC_WARN_ABOUT_RETURN_TYPE = YES_ERROR;
				GCC_WARN_UNDECLARED_SELECTOR = YES;
				GCC_WARN_UNINITIALIZED_AUTOS = YES_AGGRESSIVE;
				GCC_WARN_UNUSED_FUNCTION = YES;
				GCC_WARN_UNUSED_VARIABLE = YES;
				IPHONEOS_DEPLOYMENT_TARGET = 9.3;
				MTL_ENABLE_DEBUG_INFO = YES;
				ONLY_ACTIVE_ARCH = YES;
				SDKROOT = iphoneos;
				SWIFT_OPTIMIZATION_LEVEL = "-Onone";
			};
			name = Debug;
		};
		654A66C91CBDBB740057ED68 /* Release */ = {
			isa = XCBuildConfiguration;
			buildSettings = {
				ALWAYS_SEARCH_USER_PATHS = NO;
				CLANG_ANALYZER_NONNULL = YES;
				CLANG_CXX_LANGUAGE_STANDARD = "gnu++0x";
				CLANG_CXX_LIBRARY = "libc++";
				CLANG_ENABLE_MODULES = YES;
				CLANG_ENABLE_OBJC_ARC = YES;
				CLANG_WARN_BOOL_CONVERSION = YES;
				CLANG_WARN_CONSTANT_CONVERSION = YES;
				CLANG_WARN_DIRECT_OBJC_ISA_USAGE = YES_ERROR;
				CLANG_WARN_EMPTY_BODY = YES;
				CLANG_WARN_ENUM_CONVERSION = YES;
				CLANG_WARN_INT_CONVERSION = YES;
				CLANG_WARN_OBJC_ROOT_CLASS = YES_ERROR;
				CLANG_WARN_UNREACHABLE_CODE = YES;
				CLANG_WARN__DUPLICATE_METHOD_MATCH = YES;
				"CODE_SIGN_IDENTITY[sdk=iphoneos*]" = "iPhone Developer";
				COPY_PHASE_STRIP = NO;
				DEBUG_INFORMATION_FORMAT = "dwarf-with-dsym";
				ENABLE_NS_ASSERTIONS = NO;
				ENABLE_STRICT_OBJC_MSGSEND = YES;
				GCC_C_LANGUAGE_STANDARD = gnu99;
				GCC_NO_COMMON_BLOCKS = YES;
				GCC_WARN_64_TO_32_BIT_CONVERSION = YES;
				GCC_WARN_ABOUT_RETURN_TYPE = YES_ERROR;
				GCC_WARN_UNDECLARED_SELECTOR = YES;
				GCC_WARN_UNINITIALIZED_AUTOS = YES_AGGRESSIVE;
				GCC_WARN_UNUSED_FUNCTION = YES;
				GCC_WARN_UNUSED_VARIABLE = YES;
				IPHONEOS_DEPLOYMENT_TARGET = 9.3;
				MTL_ENABLE_DEBUG_INFO = NO;
				SDKROOT = iphoneos;
				VALIDATE_PRODUCT = YES;
			};
			name = Release;
		};
		654A66CB1CBDBB740057ED68 /* Debug */ = {
			isa = XCBuildConfiguration;
			buildSettings = {
				ASSETCATALOG_COMPILER_APPICON_NAME = AppIcon;
				FRAMEWORK_SEARCH_PATHS = (
					"$(inherited)",
					"$(PROJECT_DIR)/Libraries/Realm",
				);
				INFOPLIST_FILE = GraviT/Info.plist;
				IPHONEOS_DEPLOYMENT_TARGET = 8.3;
				LD_RUNPATH_SEARCH_PATHS = "$(inherited) @executable_path/Frameworks";
				PRODUCT_BUNDLE_IDENTIFIER = com.slowslipper.GraviT;
				PRODUCT_NAME = "$(TARGET_NAME)";
			};
			name = Debug;
		};
		654A66CC1CBDBB740057ED68 /* Release */ = {
			isa = XCBuildConfiguration;
			buildSettings = {
				ASSETCATALOG_COMPILER_APPICON_NAME = AppIcon;
				FRAMEWORK_SEARCH_PATHS = (
					"$(inherited)",
					"$(PROJECT_DIR)/Libraries/Realm",
				);
				INFOPLIST_FILE = GraviT/Info.plist;
				IPHONEOS_DEPLOYMENT_TARGET = 8.3;
				LD_RUNPATH_SEARCH_PATHS = "$(inherited) @executable_path/Frameworks";
				PRODUCT_BUNDLE_IDENTIFIER = com.slowslipper.GraviT;
				PRODUCT_NAME = "$(TARGET_NAME)";
			};
			name = Release;
		};
/* End XCBuildConfiguration section */

/* Begin XCConfigurationList section */
		654A66B31CBDBB740057ED68 /* Build configuration list for PBXProject "GraviT" */ = {
			isa = XCConfigurationList;
			buildConfigurations = (
				654A66C81CBDBB740057ED68 /* Debug */,
				654A66C91CBDBB740057ED68 /* Release */,
			);
			defaultConfigurationIsVisible = 0;
			defaultConfigurationName = Release;
		};
		654A66CA1CBDBB740057ED68 /* Build configuration list for PBXNativeTarget "GraviT" */ = {
			isa = XCConfigurationList;
			buildConfigurations = (
				654A66CB1CBDBB740057ED68 /* Debug */,
				654A66CC1CBDBB740057ED68 /* Release */,
			);
			defaultConfigurationIsVisible = 0;
			defaultConfigurationName = Release;
		};
/* End XCConfigurationList section */
	};
	rootObject = 654A66B01CBDBB740057ED68 /* Project object */;
}
